
Microsoft Visual Studio Solution File, Format Version 12.00
# Visual Studio Version 17
VisualStudioVersion = 17.3.32922.545
MinimumVisualStudioVersion = 10.0.40219.1
Project("{FAE04EC0-301F-11D3-BF4B-00C04F79EFBC}") = "Notatnilk", "Notatnilk\Notatnilk.csproj", "{2B11988D-FB34-4BD7-B252-9EE90E15D73A}"
EndProject
Global
	GlobalSection(SolutionConfigurationPlatforms) = preSolution
		Debug|Any CPU = Debug|Any CPU
		Release|Any CPU = Release|Any CPU
	EndGlobalSection
	GlobalSection(ProjectConfigurationPlatforms) = postSolution
		{2B11988D-FB34-4BD7-B252-9EE90E15D73A}.Debug|Any CPU.ActiveCfg = Debug|Any CPU
		{2B11988D-FB34-4BD7-B252-9EE90E15D73A}.Debug|Any CPU.Build.0 = Debug|Any CPU
		{2B11988D-FB34-4BD7-B252-9EE90E15D73A}.Release|Any CPU.ActiveCfg = Release|Any CPU
		{2B11988D-FB34-4BD7-B252-9EE90E15D73A}.Release|Any CPU.Build.0 = Release|Any CPU
	EndGlobalSection
	GlobalSection(SolutionProperties) = preSolution
		HideSolutionNode = FALSE
	EndGlobalSection
	GlobalSection(ExtensibilityGlobals) = postSolution
		SolutionGuid = {6F3CEFE8-DA4F-498B-B365-CCF61625D4C4}
	EndGlobalSection
EndGlobal
